
Microsoft Visual Studio Solution File, Format Version 12.00
# Visual Studio Version 17
VisualStudioVersion = 17.13.35806.99 d17.13
MinimumVisualStudioVersion = 10.0.40219.1
Project("{FAE04EC0-301F-11D3-BF4B-00C04F79EFBC}") = "FinalProjectIMDB", "FinalProjectIMDB.csproj", "{7405A20C-1F45-4167-A5AE-92ECF03BC5DC}"
EndProject
Global
	GlobalSection(SolutionConfigurationPlatforms) = preSolution
		Debug|Any CPU = Debug|Any CPU
		Release|Any CPU = Release|Any CPU
	EndGlobalSection
	GlobalSection(ProjectConfigurationPlatforms) = postSolution
		{7405A20C-1F45-4167-A5AE-92ECF03BC5DC}.Debug|Any CPU.ActiveCfg = Debug|Any CPU
		{7405A20C-1F45-4167-A5AE-92ECF03BC5DC}.Debug|Any CPU.Build.0 = Debug|Any CPU
		{7405A20C-1F45-4167-A5AE-92ECF03BC5DC}.Release|Any CPU.ActiveCfg = Release|Any CPU
		{7405A20C-1F45-4167-A5AE-92ECF03BC5DC}.Release|Any CPU.Build.0 = Release|Any CPU
	EndGlobalSection
	GlobalSection(SolutionProperties) = preSolution
		HideSolutionNode = FALSE
	EndGlobalSection
	GlobalSection(ExtensibilityGlobals) = postSolution
		SolutionGuid = {AA90DEE3-55ED-4523-A9AC-9155B2B86F3F}
	EndGlobalSection
EndGlobal
